// !$*UTF8*$!
{
	archiveVersion = 1;
	classes = {
	};
	objectVersion = 50;
	objects = {

/* Begin PBXBuildFile section */
		18B000B324C20162004B6A59 /* AppDelegate.m in Sources */ = {isa = PBXBuildFile; fileRef = 18B000B224C20162004B6A59 /* AppDelegate.m */; };
		18B000B624C20162004B6A59 /* SceneDelegate.m in Sources */ = {isa = PBXBuildFile; fileRef = 18B000B524C20162004B6A59 /* SceneDelegate.m */; };
		18B000B924C20162004B6A59 /* ViewController.m in Sources */ = {isa = PBXBuildFile; fileRef = 18B000B824C20162004B6A59 /* ViewController.m */; };
		18B000BC24C20162004B6A59 /* Main.storyboard in Resources */ = {isa = PBXBuildFile; fileRef = 18B000BA24C20162004B6A59 /* Main.storyboard */; };
		18B000BE24C20167004B6A59 /* Assets.xcassets in Resources */ = {isa = PBXBuildFile; fileRef = 18B000BD24C20167004B6A59 /* Assets.xcassets */; };
		18B000C124C20167004B6A59 /* LaunchScreen.storyboard in Resources */ = {isa = PBXBuildFile; fileRef = 18B000BF24C20167004B6A59 /* LaunchScreen.storyboard */; };
		18B000C424C20167004B6A59 /* main.m in Sources */ = {isa = PBXBuildFile; fileRef = 18B000C324C20167004B6A59 /* main.m */; };
/* End PBXBuildFile section */

/* Begin PBXFileReference section */
		18B000AE24C20162004B6A59 /* SFAttributedString.app */ = {isa = PBXFileReference; explicitFileType = wrapper.application; includeInIndex = 0; path = SFAttributedString.app; sourceTree = BUILT_PRODUCTS_DIR; };
		18B000B124C20162004B6A59 /* AppDelegate.h */ = {isa = PBXFileReference; lastKnownFileType = sourcecode.c.h; path = AppDelegate.h; sourceTree = "<group>"; };
		18B000B224C20162004B6A59 /* AppDelegate.m */ = {isa = PBXFileReference; lastKnownFileType = sourcecode.c.objc; path = AppDelegate.m; sourceTree = "<group>"; };
		18B000B424C20162004B6A59 /* SceneDelegate.h */ = {isa = PBXFileReference; lastKnownFileType = sourcecode.c.h; path = SceneDelegate.h; sourceTree = "<group>"; };
		18B000B524C20162004B6A59 /* SceneDelegate.m */ = {isa = PBXFileReference; lastKnownFileType = sourcecode.c.objc; path = SceneDelegate.m; sourceTree = "<group>"; };
		18B000B724C20162004B6A59 /* ViewController.h */ = {isa = PBXFileReference; lastKnownFileType = sourcecode.c.h; path = ViewController.h; sourceTree = "<group>"; };
		18B000B824C20162004B6A59 /* ViewController.m */ = {isa = PBXFileReference; lastKnownFileType = sourcecode.c.objc; path = ViewController.m; sourceTree = "<group>"; };
		18B000BB24C20162004B6A59 /* Base */ = {isa = PBXFileReference; lastKnownFileType = file.storyboard; name = Base; path = Base.lproj/Main.storyboard; sourceTree = "<group>"; };
		18B000BD24C20167004B6A59 /* Assets.xcassets */ = {isa = PBXFileReference; lastKnownFileType = folder.assetcatalog; path = Assets.xcassets; sourceTree = "<group>"; };
		18B000C024C20167004B6A59 /* Base */ = {isa = PBXFileReference; lastKnownFileType = file.storyboard; name = Base; path = Base.lproj/LaunchScreen.storyboard; sourceTree = "<group>"; };
		18B000C224C20167004B6A59 /* Info.plist */ = {isa = PBXFileReference; lastKnownFileType = text.plist.xml; path = Info.plist; sourceTree = "<group>"; };
		18B000C324C20167004B6A59 /* main.m */ = {isa = PBXFileReference; lastKnownFileType = sourcecode.c.objc; path = main.m; sourceTree = "<group>"; };
/* End PBXFileReference section */

/* Begin PBXFrameworksBuildPhase section */
		18B000AB24C20162004B6A59 /* Frameworks */ = {
			isa = PBXFrameworksBuildPhase;
			buildActionMask = 2147483647;
			files = (
			);
			runOnlyForDeploymentPostprocessing = 0;
		};
/* End PBXFrameworksBuildPhase section */

/* Begin PBXGroup section */
		18B000A524C20162004B6A59 = {
			isa = PBXGroup;
			children = (
				18B000B024C20162004B6A59 /* SFAttributedString */,
				18B000AF24C20162004B6A59 /* Products */,
			);
			sourceTree = "<group>";
		};
		18B000AF24C20162004B6A59 /* Products */ = {
			isa = PBXGroup;
			children = (
				18B000AE24C20162004B6A59 /* SFAttributedString.app */,
			);
			name = Products;
			sourceTree = "<group>";
		};
		18B000B024C20162004B6A59 /* SFAttributedString */ = {
			isa = PBXGroup;
			children = (
				18B000B124C20162004B6A59 /* AppDelegate.h */,
				18B000B224C20162004B6A59 /* AppDelegate.m */,
				18B000B424C20162004B6A59 /* SceneDelegate.h */,
				18B000B524C20162004B6A59 /* SceneDelegate.m */,
				18B000B724C20162004B6A59 /* ViewController.h */,
				18B000B824C20162004B6A59 /* ViewController.m */,
				18B000BA24C20162004B6A59 /* Main.storyboard */,
				18B000BD24C20167004B6A59 /* Assets.xcassets */,
				18B000BF24C20167004B6A59 /* LaunchScreen.storyboard */,
				18B000C224C20167004B6A59 /* Info.plist */,
				18B000C324C20167004B6A59 /* main.m */,
			);
			path = SFAttributedString;
			sourceTree = "<group>";
		};
/* End PBXGroup section */

/* Begin PBXNativeTarget section */
		18B000AD24C20162004B6A59 /* SFAttributedString */ = {
			isa = PBXNativeTarget;
			buildConfigurationList = 18B000C724C20167004B6A59 /* Build configuration list for PBXNativeTarget "SFAttributedString" */;
			buildPhases = (
				18B000AA24C20162004B6A59 /* Sources */,
				18B000AB24C20162004B6A59 /* Frameworks */,
				18B000AC24C20162004B6A59 /* Resources */,
			);
			buildRules = (
			);
			dependencies = (
			);
			name = SFAttributedString;
			productName = SFAttributedString;
			productReference = 18B000AE24C20162004B6A59 /* SFAttributedString.app */;
			productType = "com.apple.product-type.application";
		};
/* End PBXNativeTarget section */

/* Begin PBXProject section */
		18B000A624C20162004B6A59 /* Project object */ = {
			isa = PBXProject;
			attributes = {
				LastUpgradeCheck = 1130;
				ORGANIZATIONNAME = Meterwhite;
				TargetAttributes = {
					18B000AD24C20162004B6A59 = {
						CreatedOnToolsVersion = 11.3.1;
					};
				};
			};
			buildConfigurationList = 18B000A924C20162004B6A59 /* Build configuration list for PBXProject "SFAttributedString" */;
			compatibilityVersion = "Xcode 9.3";
			developmentRegion = en;
			hasScannedForEncodings = 0;
			knownRegions = (
				en,
				Base,
			);
			mainGroup = 18B000A524C20162004B6A59;
			productRefGroup = 18B000AF24C20162004B6A59 /* Products */;
			projectDirPath = "";
			projectRoot = "";
			targets = (
				18B000AD24C20162004B6A59 /* SFAttributedString */,
			);
		};
/* End PBXProject section */

/* Begin PBXResourcesBuildPhase section */
		18B000AC24C20162004B6A59 /* Resources */ = {
			isa = PBXResourcesBuildPhase;
			buildActionMask = 2147483647;
			files = (
				18B000C124C20167004B6A59 /* LaunchScreen.storyboard in Resources */,
				18B000BE24C20167004B6A59 /* Assets.xcassets in Resources */,
				18B000BC24C20162004B6A59 /* Main.storyboard in Resources */,
			);
			runOnlyForDeploymentPostprocessing = 0;
		};
/* End PBXResourcesBuildPhase section */

/* Begin PBXSourcesBuildPhase section */
		18B000AA24C20162004B6A59 /* Sources */ = {
			isa = PBXSourcesBuildPhase;
			buildActionMask = 2147483647;
			files = (
				18B000B924C20162004B6A59 /* ViewController.m in Sources */,
				18B000B324C20162004B6A59 /* AppDelegate.m in Sources */,
				18B000C424C20167004B6A59 /* main.m in Sources */,
				18B000B624C20162004B6A59 /* SceneDelegate.m in Sources */,
			);
			runOnlyForDeploymentPostprocessing = 0;
		};
/* End PBXSourcesBuildPhase section */

/* Begin PBXVariantGroup section */
		18B000BA24C20162004B6A59 /* Main.storyboard */ = {
			isa = PBXVariantGroup;
			children = (
				18B000BB24C20162004B6A59 /* Base */,
			);
			name = Main.storyboard;
			sourceTree = "<group>";
		};
		18B000BF24C20167004B6A59 /* LaunchScreen.storyboard */ = {
			isa = PBXVariantGroup;
			children = (
				18B000C024C20167004B6A59 /* Base */,
			);
			name = LaunchScreen.storyboard;
			sourceTree = "<group>";
		};
/* End PBXVariantGroup section */

/* Begin XCBuildConfiguration section */
		18B000C524C20167004B6A59 /* Debug */ = {
			isa = XCBuildConfiguration;
			buildSettings = {
				ALWAYS_SEARCH_USER_PATHS = NO;
				CLANG_ANALYZER_NONNULL = YES;
				CLANG_ANALYZER_NUMBER_OBJECT_CONVERSION = YES_AGGRESSIVE;
				CLANG_CXX_LANGUAGE_STANDARD = "gnu++14";
				CLANG_CXX_LIBRARY = "libc++";
				CLANG_ENABLE_MODULES = YES;
				CLANG_ENABLE_OBJC_ARC = YES;
				CLANG_ENABLE_OBJC_WEAK = YES;
				CLANG_WARN_BLOCK_CAPTURE_AUTORELEASING = YES;
				CLANG_WARN_BOOL_CONVERSION = YES;
				CLANG_WARN_COMMA = YES;
				CLANG_WARN_CONSTANT_CONVERSION = YES;
				CLANG_WARN_DEPRECATED_OBJC_IMPLEMENTATIONS = YES;
				CLANG_WARN_DIRECT_OBJC_ISA_USAGE = YES_ERROR;
				CLANG_WARN_DOCUMENTATION_COMMENTS = YES;
				CLANG_WARN_EMPTY_BODY = YES;
				CLANG_WARN_ENUM_CONVERSION = YES;
				CLANG_WARN_INFINITE_RECURSION = YES;
				CLANG_WARN_INT_CONVERSION = YES;
				CLANG_WARN_NON_LITERAL_NULL_CONVERSION = YES;
				CLANG_WARN_OBJC_IMPLICIT_RETAIN_SELF = YES;
				CLANG_WARN_OBJC_LITERAL_CONVERSION = YES;
				CLANG_WARN_OBJC_ROOT_CLASS = YES_ERROR;
				CLANG_WARN_RANGE_LOOP_ANALYSIS = YES;
				CLANG_WARN_STRICT_PROTOTYPES = YES;
				CLANG_WARN_SUSPICIOUS_MOVE = YES;
				CLANG_WARN_UNGUARDED_AVAILABILITY = YES_AGGRESSIVE;
				CLANG_WARN_UNREACHABLE_CODE = YES;
				CLANG_WARN__DUPLICATE_METHOD_MATCH = YES;
				COPY_PHASE_STRIP = NO;
				DEBUG_INFORMATION_FORMAT = dwarf;
				ENABLE_STRICT_OBJC_MSGSEND = YES;
				ENABLE_TESTABILITY = YES;
				GCC_C_LANGUAGE_STANDARD = gnu11;
				GCC_DYNAMIC_NO_PIC = NO;
				GCC_NO_COMMON_BLOCKS = YES;
				GCC_OPTIMIZATION_LEVEL = 0;
				GCC_PREPROCESSOR_DEFINITIONS = (
					"DEBUG=1",
					"$(inherited)",
				);
				GCC_WARN_64_TO_32_BIT_CONVERSION = YES;
				GCC_WARN_ABOUT_RETURN_TYPE = YES_ERROR;
				GCC_WARN_UNDECLARED_SELECTOR = YES;
				GCC_WARN_UNINITIALIZED_AUTOS = YES_AGGRESSIVE;
				GCC_WARN_UNUSED_FUNCTION = YES;
				GCC_WARN_UNUSED_VARIABLE = YES;
				IPHONEOS_DEPLOYMENT_TARGET = 13.2;
				MTL_ENABLE_DEBUG_INFO = INCLUDE_SOURCE;
				MTL_FAST_MATH = YES;
				ONLY_ACTIVE_ARCH = YES;
				SDKROOT = iphoneos;
			};
			name = Debug;
		};
		18B000C624C20167004B6A59 /* Release */ = {
			isa = XCBuildConfiguration;
			buildSettings = {
				ALWAYS_SEARCH_USER_PATHS = NO;
				CLANG_ANALYZER_NONNULL = YES;
				CLANG_ANALYZER_NUMBER_OBJECT_CONVERSION = YES_AGGRESSIVE;
				CLANG_CXX_LANGUAGE_STANDARD = "gnu++14";
				CLANG_CXX_LIBRARY = "libc++";
				CLANG_ENABLE_MODULES = YES;
				CLANG_ENABLE_OBJC_ARC = YES;
				CLANG_ENABLE_OBJC_WEAK = YES;
				CLANG_WARN_BLOCK_CAPTURE_AUTORELEASING = YES;
				CLANG_WARN_BOOL_CONVERSION = YES;
				CLANG_WARN_COMMA = YES;
				CLANG_WARN_CONSTANT_CONVERSION = YES;
				CLANG_WARN_DEPRECATED_OBJC_IMPLEMENTATIONS = YES;
				CLANG_WARN_DIRECT_OBJC_ISA_USAGE = YES_ERROR;
				CLANG_WARN_DOCUMENTATION_COMMENTS = YES;
				CLANG_WARN_EMPTY_BODY = YES;
				CLANG_WARN_ENUM_CONVERSION = YES;
				CLANG_WARN_INFINITE_RECURSION = YES;
				CLANG_WARN_INT_CONVERSION = YES;
				CLANG_WARN_NON_LITERAL_NULL_CONVERSION = YES;
				CLANG_WARN_OBJC_IMPLICIT_RETAIN_SELF = YES;
				CLANG_WARN_OBJC_LITERAL_CONVERSION = YES;
				CLANG_WARN_OBJC_ROOT_CLASS = YES_ERROR;
				CLANG_WARN_RANGE_LOOP_ANALYSIS = YES;
				CLANG_WARN_STRICT_PROTOTYPES = YES;
				CLANG_WARN_SUSPICIOUS_MOVE = YES;
				CLANG_WARN_UNGUARDED_AVAILABILITY = YES_AGGRESSIVE;
				CLANG_WARN_UNREACHABLE_CODE = YES;
				CLANG_WARN__DUPLICATE_METHOD_MATCH = YES;
				COPY_PHASE_STRIP = NO;
				DEBUG_INFORMATION_FORMAT = "dwarf-with-dsym";
				ENABLE_NS_ASSERTIONS = NO;
				ENABLE_STRICT_OBJC_MSGSEND = YES;
				GCC_C_LANGUAGE_STANDARD = gnu11;
				GCC_NO_COMMON_BLOCKS = YES;
				GCC_WARN_64_TO_32_BIT_CONVERSION = YES;
				GCC_WARN_ABOUT_RETURN_TYPE = YES_ERROR;
				GCC_WARN_UNDECLARED_SELECTOR = YES;
				GCC_WARN_UNINITIALIZED_AUTOS = YES_AGGRESSIVE;
				GCC_WARN_UNUSED_FUNCTION = YES;
				GCC_WARN_UNUSED_VARIABLE = YES;
				IPHONEOS_DEPLOYMENT_TARGET = 13.2;
				MTL_ENABLE_DEBUG_INFO = NO;
				MTL_FAST_MATH = YES;
				SDKROOT = iphoneos;
				VALIDATE_PRODUCT = YES;
			};
			name = Release;
		};
		18B000C824C20167004B6A59 /* Debug */ = {
			isa = XCBuildConfiguration;
			buildSettings = {
				ASSETCATALOG_COMPILER_APPICON_NAME = AppIcon;
				CODE_SIGN_STYLE = Automatic;
				INFOPLIST_FILE = SFAttributedString/Info.plist;
				LD_RUNPATH_SEARCH_PATHS = (
					"$(inherited)",
					"@executable_path/Frameworks",
				);
				PRODUCT_BUNDLE_IDENTIFIER = com.git.meterwhite.SFAttributedString;
				PRODUCT_NAME = "$(TARGET_NAME)";
				TARGETED_DEVICE_FAMILY = "1,2";
			};
			name = Debug;
		};
		18B000C924C20167004B6A59 /* Release */ = {
			isa = XCBuildConfiguration;
			buildSettings = {
				ASSETCATALOG_COMPILER_APPICON_NAME = AppIcon;
				CODE_SIGN_STYLE = Automatic;
				INFOPLIST_FILE = SFAttributedString/Info.plist;
				LD_RUNPATH_SEARCH_PATHS = (
					"$(inherited)",
					"@executable_path/Frameworks",
				);
				PRODUCT_BUNDLE_IDENTIFIER = com.git.meterwhite.SFAttributedString;
				PRODUCT_NAME = "$(TARGET_NAME)";
				TARGETED_DEVICE_FAMILY = "1,2";
			};
			name = Release;
		};
/* End XCBuildConfiguration section */

/* Begin XCConfigurationList section */
		18B000A924C20162004B6A59 /* Build configuration list for PBXProject "SFAttributedString" */ = {
			isa = XCConfigurationList;
			buildConfigurations = (
				18B000C524C20167004B6A59 /* Debug */,
				18B000C624C20167004B6A59 /* Release */,
			);
			defaultConfigurationIsVisible = 0;
			defaultConfigurationName = Release;
		};
		18B000C724C20167004B6A59 /* Build configuration list for PBXNativeTarget "SFAttributedString" */ = {
			isa = XCConfigurationList;
			buildConfigurations = (
				18B000C824C20167004B6A59 /* Debug */,
				18B000C924C20167004B6A59 /* Release */,
			);
			defaultConfigurationIsVisible = 0;
			defaultConfigurationName = Release;
		};
/* End XCConfigurationList section */
	};
	rootObject = 18B000A624C20162004B6A59 /* Project object */;
}
